<?xml version="1.0" encoding="utf-8"?>
<Project ToolsVersion="4.0" xmlns="http://schemas.microsoft.com/developer/msbuild/2003">
  <ItemGroup>
    <Filter Include="ソース ファイル">
      <UniqueIdentifier>{4FC737F1-C7A5-4376-A066-2A32D752A2FF}</UniqueIdentifier>
      <Extensions>cpp;c;cc;cxx;c++;cppm;ixx;def;odl;idl;hpj;bat;asm;asmx</Extensions>
    </Filter>
    <Filter Include="ヘッダー ファイル">
      <UniqueIdentifier>{93995380-89BD-4b04-88EB-625FBE52EBFB}</UniqueIdentifier>
      <Extensions>h;hh;hpp;hxx;h++;hm;inl;inc;ipp;xsd</Extensions>
    </Filter>
    <Filter Include="リソース ファイル">
      <UniqueIdentifier>{67DA6AB6-F800-4c08-8B7A-83BB121AAD01}</UniqueIdentifier>
      <Extensions>rc;ico;cur;bmp;dlg;rc2;rct;bin;rgs;gif;jpg;jpeg;jpe;resx;tiff;tif;png;wav;mfcribbon-ms</Extensions>
    </Filter>
    <Filter Include="シェーダーファイル">
      <UniqueIdentifier>{7e5584a5-2895-4181-9eaf-f65622106b57}</UniqueIdentifier>
    </Filter>
    <Filter Include="ヘッダー ファイル\base">
      <UniqueIdentifier>{7ee04bcb-8846-4367-ac00-80b8269a44de}</UniqueIdentifier>
    </Filter>
    <Filter Include="ソース ファイル\game">
      <UniqueIdentifier>{93f29f86-8f15-4ea9-ae5e-1fc97f6b51f1}</UniqueIdentifier>
    </Filter>
    <Filter Include="ソース ファイル\game\2D,3Dobject">
      <UniqueIdentifier>{a3783c12-20f5-4bb1-a9b5-e0de105f27ca}</UniqueIdentifier>
    </Filter>
    <Filter Include="ソース ファイル\game\2D,3Dobject\2D">
      <UniqueIdentifier>{417b5164-9369-4381-ae81-78673e53de44}</UniqueIdentifier>
    </Filter>
    <Filter Include="ソース ファイル\game\2D,3Dobject\3D">
      <UniqueIdentifier>{3e016e20-a194-48ed-bac9-dc4b54ef275b}</UniqueIdentifier>
    </Filter>
    <Filter Include="ヘッダー ファイル\game">
      <UniqueIdentifier>{d8dda368-e9fa-400d-8737-a8c4f0b86c94}</UniqueIdentifier>
    </Filter>
    <Filter Include="ヘッダー ファイル\game\2D,3Dobject">
      <UniqueIdentifier>{0669acd8-6841-4f37-9665-21d40cdd8f0b}</UniqueIdentifier>
    </Filter>
    <Filter Include="ヘッダー ファイル\game\2D,3Dobject\2D">
      <UniqueIdentifier>{93796382-d594-40a2-a372-a9233944495c}</UniqueIdentifier>
    </Filter>
    <Filter Include="ヘッダー ファイル\game\2D,3Dobject\3D">
      <UniqueIdentifier>{ae13b0f1-5560-4e85-a238-0ec233c5073e}</UniqueIdentifier>
    </Filter>
    <Filter Include="ソース ファイル\base">
      <UniqueIdentifier>{50aa5fda-830c-4c0b-b667-9a78df8896b1}</UniqueIdentifier>
    </Filter>
    <Filter Include="ソース ファイル\base\Main">
      <UniqueIdentifier>{49bbc401-848c-4cb9-bfcd-a79c02259274}</UniqueIdentifier>
    </Filter>
    <Filter Include="ソース ファイル\game\Scene">
      <UniqueIdentifier>{6826b163-8cb6-4485-ac78-cf057b8753a2}</UniqueIdentifier>
    </Filter>
    <Filter Include="ヘッダー ファイル\game\Scene">
      <UniqueIdentifier>{e3002e77-bd98-4767-83da-e5edc1fa6c1f}</UniqueIdentifier>
    </Filter>
    <Filter Include="ソース ファイル\base\GameBase">
      <UniqueIdentifier>{351dc17a-f583-443b-9edd-de862aa1e99f}</UniqueIdentifier>
    </Filter>
    <Filter Include="ヘッダー ファイル\base\Main">
      <UniqueIdentifier>{ab03dea1-3415-4056-92bc-dcd0a80c92ec}</UniqueIdentifier>
    </Filter>
    <Filter Include="ヘッダー ファイル\base\GameBase">
      <UniqueIdentifier>{6069a489-a2be-4b04-b302-a12c415f82bf}</UniqueIdentifier>
    </Filter>
  </ItemGroup>
  <ItemGroup>
    <ClCompile Include="Game\2D,3D\2D\SpriteCommon.cpp">
      <Filter>ソース ファイル\game\2D,3Dobject\2D</Filter>
    </ClCompile>
    <ClCompile Include="Game\2D,3D\2D\Sprite.cpp">
      <Filter>ソース ファイル\game\2D,3Dobject\2D</Filter>
    </ClCompile>
    <ClCompile Include="Game\2D,3D\3D\Object3d.cpp">
      <Filter>ソース ファイル\game\2D,3Dobject\3D</Filter>
    </ClCompile>
    <ClCompile Include="Game\2D,3D\3D\Model.cpp">
      <Filter>ソース ファイル\game\2D,3Dobject\3D</Filter>
    </ClCompile>
    <ClCompile Include="main.cpp">
      <Filter>ソース ファイル\base\Main</Filter>
    </ClCompile>
    <ClCompile Include="Game\Scene\MyGame.cpp">
      <Filter>ソース ファイル\game\Scene</Filter>
    </ClCompile>
    <ClCompile Include="Game\Scene\GamePlayScene.cpp">
      <Filter>ソース ファイル\game\Scene</Filter>
    </ClCompile>
    <ClCompile Include="Game\Scene\TitleScene.cpp">
      <Filter>ソース ファイル\game\Scene</Filter>
    </ClCompile>
    <ClCompile Include="Base\GameBase\WinApp.cpp">
      <Filter>ソース ファイル\base\GameBase</Filter>
    </ClCompile>
    <ClCompile Include="Base\GameBase\Input.cpp">
      <Filter>ソース ファイル\base\GameBase</Filter>
    </ClCompile>
    <ClCompile Include="Base\GameBase\DirectXCommon.cpp">
      <Filter>ソース ファイル\base\GameBase</Filter>
    </ClCompile>
    <ClCompile Include="Base\GameBase\Audio.cpp">
      <Filter>ソース ファイル\base\GameBase</Filter>
    </ClCompile>
    <ClCompile Include="Base\Main\Framework\Framework.cpp">
      <Filter>ソース ファイル\base\Main</Filter>
    </ClCompile>
  </ItemGroup>
  <ItemGroup>
    <None Include="Resources\shaders\Basic.hlsli">
      <Filter>シェーダーファイル</Filter>
    </None>
    <None Include="Resources\shaders\Sprite.hlsli">
      <Filter>シェーダーファイル</Filter>
    </None>
    <None Include="Resources\shaders\OBJShaderHeader.hlsli">
      <Filter>シェーダーファイル</Filter>
    </None>
  </ItemGroup>
  <ItemGroup>
    <FxCompile Include="Resources\shaders\BasicPS.hlsl">
      <Filter>シェーダーファイル</Filter>
    </FxCompile>
    <FxCompile Include="Resources\shaders\BasicVS.hlsl">
      <Filter>シェーダーファイル</Filter>
    </FxCompile>
    <FxCompile Include="Resources\shaders\SpritePS.hlsl">
      <Filter>シェーダーファイル</Filter>
    </FxCompile>
    <FxCompile Include="Resources\shaders\SpriteVS.hlsl">
      <Filter>シェーダーファイル</Filter>
    </FxCompile>
    <FxCompile Include="Resources\shaders\OBJPS.hlsl">
      <Filter>シェーダーファイル</Filter>
    </FxCompile>
    <FxCompile Include="Resources\shaders\OBJVS.hlsl">
      <Filter>シェーダーファイル</Filter>
    </FxCompile>
  </ItemGroup>
  <ItemGroup>
    <ClInclude Include="Game\2D,3D\2D\SpriteCommon.h">
      <Filter>ヘッダー ファイル\game\2D,3Dobject\2D</Filter>
    </ClInclude>
    <ClInclude Include="Game\2D,3D\3D\Model.h">
      <Filter>ヘッダー ファイル\game\2D,3Dobject\3D</Filter>
    </ClInclude>
    <ClInclude Include="Game\2D,3D\3D\Object3d.h">
      <Filter>ヘッダー ファイル\game\2D,3Dobject\3D</Filter>
    </ClInclude>
    <ClInclude Include="Game\2D,3D\2D\Sprite.h">
      <Filter>ヘッダー ファイル\game\2D,3Dobject\2D</Filter>
    </ClInclude>
    <ClInclude Include="Game\Scene\MyGame.h">
      <Filter>ヘッダー ファイル\game\Scene</Filter>
    </ClInclude>
    <ClInclude Include="Game\Scene\GamePlayScene.h">
      <Filter>ヘッダー ファイル\game\Scene</Filter>
    </ClInclude>
    <ClInclude Include="Game\Scene\TitleScene.h">
      <Filter>ヘッダー ファイル\game\Scene</Filter>
    </ClInclude>
    <ClInclude Include="Base\GameBase\PipelineSet.h">
      <Filter>ヘッダー ファイル\base\GameBase</Filter>
    </ClInclude>
    <ClInclude Include="Base\GameBase\WinApp.h">
      <Filter>ヘッダー ファイル\base\GameBase</Filter>
    </ClInclude>
    <ClInclude Include="Base\GameBase\Input.h">
      <Filter>ヘッダー ファイル\base\GameBase</Filter>
    </ClInclude>
    <ClInclude Include="Base\GameBase\DirectXCommon.h">
      <Filter>ヘッダー ファイル\base\GameBase</Filter>
    </ClInclude>
    <ClInclude Include="Base\GameBase\Audio.h">
      <Filter>ヘッダー ファイル\base\GameBase</Filter>
    </ClInclude>
    <ClInclude Include="Base\Main\Framework\Framework.h">
      <Filter>ヘッダー ファイル\base\Main</Filter>
    </ClInclude>
    <ClInclude Include="Base\Main\Iscene.h">
      <Filter>ヘッダー ファイル\base\Main</Filter>
    </ClInclude>
  </ItemGroup>
</Project>